
Microsoft Visual Studio Solution File, Format Version 12.00
Project("{FAE04EC0-301F-11D3-BF4B-00C04F79EFBC}") = "TryCatchDemo", "TryCatchDemo\TryCatchDemo.csproj", "{51C87A18-A081-4A09-BCF1-4D2A54A8EDF2}"
EndProject
Project("{FAE04EC0-301F-11D3-BF4B-00C04F79EFBC}") = "TryParseDemo", "TryParseDemo\TryParseDemo.csproj", "{FFD056BA-C902-496E-A452-AA37B784EE6D}"
EndProject
Project("{FAE04EC0-301F-11D3-BF4B-00C04F79EFBC}") = "FirstLINQToObjectDemo", "FirstLINQToObjectDemo\FirstLINQToObjectDemo.csproj", "{6147074B-2E82-4D94-BB64-4CC7409A21C0}"
EndProject
Project("{FAE04EC0-301F-11D3-BF4B-00C04F79EFBC}") = "ConstDemo", "ConstDemo\ConstDemo.csproj", "{4B68DF32-15CA-42F1-AC6F-ABBB35EEA182}"
EndProject
Project("{FAE04EC0-301F-11D3-BF4B-00C04F79EFBC}") = "EnumDemo", "EnumDemo\EnumDemo.csproj", "{85B516A2-F164-490C-8B5A-AC08D8601A13}"
EndProject
Project("{FAE04EC0-301F-11D3-BF4B-00C04F79EFBC}") = "MethodDemo", "MethodDemo\MethodDemo.csproj", "{071CFB7B-FCEB-4784-9CA4-CE5902A73707}"
EndProject
Project("{FAE04EC0-301F-11D3-BF4B-00C04F79EFBC}") = "returnDemo", "returnDemo\returnDemo.csproj", "{EE864DCE-9BC0-4E84-AEAD-C8AAED548261}"
EndProject
Project("{FAE04EC0-301F-11D3-BF4B-00C04F79EFBC}") = "OutDemo", "OutDemo\OutDemo.csproj", "{4B0B5D2D-A001-4791-81A9-652E3D6CFAFE}"
EndProject
Project("{FAE04EC0-301F-11D3-BF4B-00C04F79EFBC}") = "RefDemo", "RefDemo\RefDemo.csproj", "{0B0F31E7-7068-42D7-9E17-5F151F5740B9}"
EndProject
Project("{FAE04EC0-301F-11D3-BF4B-00C04F79EFBC}") = "ParamsDemo", "ParamsDemo\ParamsDemo.csproj", "{20079AA2-203B-4242-9E10-6EBCAF502F8E}"
EndProject
Project("{FAE04EC0-301F-11D3-BF4B-00C04F79EFBC}") = "OverloadingDemo", "OverloadingDemo\OverloadingDemo.csproj", "{36BE78AA-B281-4873-9680-F55F898F96E2}"
EndProject
Project("{FAE04EC0-301F-11D3-BF4B-00C04F79EFBC}") = "PropertyDemo", "PropertyDemo\PropertyDemo.csproj", "{A81C5C49-64CB-4038-B0C6-7CE11391F8CB}"
EndProject
Project("{FAE04EC0-301F-11D3-BF4B-00C04F79EFBC}") = "StaticAndNonStatic", "StaticAndNonStatic\StaticAndNonStatic.csproj", "{94C72A25-F1A8-4C85-891C-A59AFE224887}"
EndProject
Project("{FAE04EC0-301F-11D3-BF4B-00C04F79EFBC}") = "ConstrorDemo", "ConstrorDemo\ConstrorDemo.csproj", "{72523ED6-5900-42CB-B979-D9C34C3BF763}"
EndProject
Project("{FAE04EC0-301F-11D3-BF4B-00C04F79EFBC}") = "StringDemo", "StringDemo\StringDemo.csproj", "{D7B14501-FC27-4F45-8F81-43E68B1C88A2}"
EndProject
Project("{FAE04EC0-301F-11D3-BF4B-00C04F79EFBC}") = "InheritanceDemo", "InheritanceDemo\InheritanceDemo.csproj", "{B3244FC0-28C4-41FE-BC75-58554EDFA9B5}"
EndProject
Project("{FAE04EC0-301F-11D3-BF4B-00C04F79EFBC}") = "IsAsDemo", "IsAsDemo\IsAsDemo.csproj", "{4C46E8B8-D7A5-44C4-9556-24E0CF8A6DE3}"
EndProject
Project("{FAE04EC0-301F-11D3-BF4B-00C04F79EFBC}") = "AccessModifierDemo", "AccessModifierDemo\AccessModifierDemo.csproj", "{7E40775B-C54C-4489-8376-0D4C49FCC3E5}"
EndProject
Project("{FAE04EC0-301F-11D3-BF4B-00C04F79EFBC}") = "ListDemo", "ListDemo\ListDemo.csproj", "{8BB3CC2D-C214-4D4C-BE7E-1D118A7D288D}"
EndProject
Global
	GlobalSection(SolutionConfigurationPlatforms) = preSolution
		Debug|Any CPU = Debug|Any CPU
		Release|Any CPU = Release|Any CPU
	EndGlobalSection
	GlobalSection(ProjectConfigurationPlatforms) = postSolution
		{51C87A18-A081-4A09-BCF1-4D2A54A8EDF2}.Debug|Any CPU.ActiveCfg = Debug|Any CPU
		{51C87A18-A081-4A09-BCF1-4D2A54A8EDF2}.Debug|Any CPU.Build.0 = Debug|Any CPU
		{51C87A18-A081-4A09-BCF1-4D2A54A8EDF2}.Release|Any CPU.ActiveCfg = Release|Any CPU
		{51C87A18-A081-4A09-BCF1-4D2A54A8EDF2}.Release|Any CPU.Build.0 = Release|Any CPU
		{FFD056BA-C902-496E-A452-AA37B784EE6D}.Debug|Any CPU.ActiveCfg = Debug|Any CPU
		{FFD056BA-C902-496E-A452-AA37B784EE6D}.Debug|Any CPU.Build.0 = Debug|Any CPU
		{FFD056BA-C902-496E-A452-AA37B784EE6D}.Release|Any CPU.ActiveCfg = Release|Any CPU
		{FFD056BA-C902-496E-A452-AA37B784EE6D}.Release|Any CPU.Build.0 = Release|Any CPU
		{6147074B-2E82-4D94-BB64-4CC7409A21C0}.Debug|Any CPU.ActiveCfg = Debug|Any CPU
		{6147074B-2E82-4D94-BB64-4CC7409A21C0}.Debug|Any CPU.Build.0 = Debug|Any CPU
		{6147074B-2E82-4D94-BB64-4CC7409A21C0}.Release|Any CPU.ActiveCfg = Release|Any CPU
		{6147074B-2E82-4D94-BB64-4CC7409A21C0}.Release|Any CPU.Build.0 = Release|Any CPU
		{4B68DF32-15CA-42F1-AC6F-ABBB35EEA182}.Debug|Any CPU.ActiveCfg = Debug|Any CPU
		{4B68DF32-15CA-42F1-AC6F-ABBB35EEA182}.Debug|Any CPU.Build.0 = Debug|Any CPU
		{4B68DF32-15CA-42F1-AC6F-ABBB35EEA182}.Release|Any CPU.ActiveCfg = Release|Any CPU
		{4B68DF32-15CA-42F1-AC6F-ABBB35EEA182}.Release|Any CPU.Build.0 = Release|Any CPU
		{85B516A2-F164-490C-8B5A-AC08D8601A13}.Debug|Any CPU.ActiveCfg = Debug|Any CPU
		{85B516A2-F164-490C-8B5A-AC08D8601A13}.Debug|Any CPU.Build.0 = Debug|Any CPU
		{85B516A2-F164-490C-8B5A-AC08D8601A13}.Release|Any CPU.ActiveCfg = Release|Any CPU
		{85B516A2-F164-490C-8B5A-AC08D8601A13}.Release|Any CPU.Build.0 = Release|Any CPU
		{071CFB7B-FCEB-4784-9CA4-CE5902A73707}.Debug|Any CPU.ActiveCfg = Debug|Any CPU
		{071CFB7B-FCEB-4784-9CA4-CE5902A73707}.Debug|Any CPU.Build.0 = Debug|Any CPU
		{071CFB7B-FCEB-4784-9CA4-CE5902A73707}.Release|Any CPU.ActiveCfg = Release|Any CPU
		{071CFB7B-FCEB-4784-9CA4-CE5902A73707}.Release|Any CPU.Build.0 = Release|Any CPU
		{EE864DCE-9BC0-4E84-AEAD-C8AAED548261}.Debug|Any CPU.ActiveCfg = Debug|Any CPU
		{EE864DCE-9BC0-4E84-AEAD-C8AAED548261}.Debug|Any CPU.Build.0 = Debug|Any CPU
		{EE864DCE-9BC0-4E84-AEAD-C8AAED548261}.Release|Any CPU.ActiveCfg = Release|Any CPU
		{EE864DCE-9BC0-4E84-AEAD-C8AAED548261}.Release|Any CPU.Build.0 = Release|Any CPU
		{4B0B5D2D-A001-4791-81A9-652E3D6CFAFE}.Debug|Any CPU.ActiveCfg = Debug|Any CPU
		{4B0B5D2D-A001-4791-81A9-652E3D6CFAFE}.Debug|Any CPU.Build.0 = Debug|Any CPU
		{4B0B5D2D-A001-4791-81A9-652E3D6CFAFE}.Release|Any CPU.ActiveCfg = Release|Any CPU
		{4B0B5D2D-A001-4791-81A9-652E3D6CFAFE}.Release|Any CPU.Build.0 = Release|Any CPU
		{0B0F31E7-7068-42D7-9E17-5F151F5740B9}.Debug|Any CPU.ActiveCfg = Debug|Any CPU
		{0B0F31E7-7068-42D7-9E17-5F151F5740B9}.Debug|Any CPU.Build.0 = Debug|Any CPU
		{0B0F31E7-7068-42D7-9E17-5F151F5740B9}.Release|Any CPU.ActiveCfg = Release|Any CPU
		{0B0F31E7-7068-42D7-9E17-5F151F5740B9}.Release|Any CPU.Build.0 = Release|Any CPU
		{20079AA2-203B-4242-9E10-6EBCAF502F8E}.Debug|Any CPU.ActiveCfg = Debug|Any CPU
		{20079AA2-203B-4242-9E10-6EBCAF502F8E}.Debug|Any CPU.Build.0 = Debug|Any CPU
		{20079AA2-203B-4242-9E10-6EBCAF502F8E}.Release|Any CPU.ActiveCfg = Release|Any CPU
		{20079AA2-203B-4242-9E10-6EBCAF502F8E}.Release|Any CPU.Build.0 = Release|Any CPU
		{36BE78AA-B281-4873-9680-F55F898F96E2}.Debug|Any CPU.ActiveCfg = Debug|Any CPU
		{36BE78AA-B281-4873-9680-F55F898F96E2}.Debug|Any CPU.Build.0 = Debug|Any CPU
		{36BE78AA-B281-4873-9680-F55F898F96E2}.Release|Any CPU.ActiveCfg = Release|Any CPU
		{36BE78AA-B281-4873-9680-F55F898F96E2}.Release|Any CPU.Build.0 = Release|Any CPU
		{A81C5C49-64CB-4038-B0C6-7CE11391F8CB}.Debug|Any CPU.ActiveCfg = Debug|Any CPU
		{A81C5C49-64CB-4038-B0C6-7CE11391F8CB}.Debug|Any CPU.Build.0 = Debug|Any CPU
		{A81C5C49-64CB-4038-B0C6-7CE11391F8CB}.Release|Any CPU.ActiveCfg = Release|Any CPU
		{A81C5C49-64CB-4038-B0C6-7CE11391F8CB}.Release|Any CPU.Build.0 = Release|Any CPU
		{94C72A25-F1A8-4C85-891C-A59AFE224887}.Debug|Any CPU.ActiveCfg = Debug|Any CPU
		{94C72A25-F1A8-4C85-891C-A59AFE224887}.Debug|Any CPU.Build.0 = Debug|Any CPU
		{94C72A25-F1A8-4C85-891C-A59AFE224887}.Release|Any CPU.ActiveCfg = Release|Any CPU
		{94C72A25-F1A8-4C85-891C-A59AFE224887}.Release|Any CPU.Build.0 = Release|Any CPU
		{72523ED6-5900-42CB-B979-D9C34C3BF763}.Debug|Any CPU.ActiveCfg = Debug|Any CPU
		{72523ED6-5900-42CB-B979-D9C34C3BF763}.Debug|Any CPU.Build.0 = Debug|Any CPU
		{72523ED6-5900-42CB-B979-D9C34C3BF763}.Release|Any CPU.ActiveCfg = Release|Any CPU
		{72523ED6-5900-42CB-B979-D9C34C3BF763}.Release|Any CPU.Build.0 = Release|Any CPU
		{D7B14501-FC27-4F45-8F81-43E68B1C88A2}.Debug|Any CPU.ActiveCfg = Debug|Any CPU
		{D7B14501-FC27-4F45-8F81-43E68B1C88A2}.Debug|Any CPU.Build.0 = Debug|Any CPU
		{D7B14501-FC27-4F45-8F81-43E68B1C88A2}.Release|Any CPU.ActiveCfg = Release|Any CPU
		{D7B14501-FC27-4F45-8F81-43E68B1C88A2}.Release|Any CPU.Build.0 = Release|Any CPU
		{B3244FC0-28C4-41FE-BC75-58554EDFA9B5}.Debug|Any CPU.ActiveCfg = Debug|Any CPU
		{B3244FC0-28C4-41FE-BC75-58554EDFA9B5}.Debug|Any CPU.Build.0 = Debug|Any CPU
		{B3244FC0-28C4-41FE-BC75-58554EDFA9B5}.Release|Any CPU.ActiveCfg = Release|Any CPU
		{B3244FC0-28C4-41FE-BC75-58554EDFA9B5}.Release|Any CPU.Build.0 = Release|Any CPU
		{4C46E8B8-D7A5-44C4-9556-24E0CF8A6DE3}.Debug|Any CPU.ActiveCfg = Debug|Any CPU
		{4C46E8B8-D7A5-44C4-9556-24E0CF8A6DE3}.Debug|Any CPU.Build.0 = Debug|Any CPU
		{4C46E8B8-D7A5-44C4-9556-24E0CF8A6DE3}.Release|Any CPU.ActiveCfg = Release|Any CPU
		{4C46E8B8-D7A5-44C4-9556-24E0CF8A6DE3}.Release|Any CPU.Build.0 = Release|Any CPU
		{7E40775B-C54C-4489-8376-0D4C49FCC3E5}.Debug|Any CPU.ActiveCfg = Debug|Any CPU
		{7E40775B-C54C-4489-8376-0D4C49FCC3E5}.Debug|Any CPU.Build.0 = Debug|Any CPU
		{7E40775B-C54C-4489-8376-0D4C49FCC3E5}.Release|Any CPU.ActiveCfg = Release|Any CPU
		{7E40775B-C54C-4489-8376-0D4C49FCC3E5}.Release|Any CPU.Build.0 = Release|Any CPU
		{8BB3CC2D-C214-4D4C-BE7E-1D118A7D288D}.Debug|Any CPU.ActiveCfg = Debug|Any CPU
		{8BB3CC2D-C214-4D4C-BE7E-1D118A7D288D}.Debug|Any CPU.Build.0 = Debug|Any CPU
		{8BB3CC2D-C214-4D4C-BE7E-1D118A7D288D}.Release|Any CPU.ActiveCfg = Release|Any CPU
		{8BB3CC2D-C214-4D4C-BE7E-1D118A7D288D}.Release|Any CPU.Build.0 = Release|Any CPU
	EndGlobalSection
EndGlobal
