
Microsoft Visual Studio Solution File, Format Version 12.00
Project("{FAE04EC0-301F-11D3-BF4B-00C04F79EFBC}") = "TryCatchDemo", "TryCatchDemo\TryCatchDemo.csproj", "{51C87A18-A081-4A09-BCF1-4D2A54A8EDF2}"
EndProject
Project("{FAE04EC0-301F-11D3-BF4B-00C04F79EFBC}") = "TryParseDemo", "TryParseDemo\TryParseDemo.csproj", "{FFD056BA-C902-496E-A452-AA37B784EE6D}"
EndProject
Project("{FAE04EC0-301F-11D3-BF4B-00C04F79EFBC}") = "FirstLINQToObjectDemo", "FirstLINQToObjectDemo\FirstLINQToObjectDemo.csproj", "{6147074B-2E82-4D94-BB64-4CC7409A21C0}"
EndProject
Project("{FAE04EC0-301F-11D3-BF4B-00C04F79EFBC}") = "ConstDemo", "ConstDemo\ConstDemo.csproj", "{4B68DF32-15CA-42F1-AC6F-ABBB35EEA182}"
EndProject
Project("{FAE04EC0-301F-11D3-BF4B-00C04F79EFBC}") = "EnumDemo", "EnumDemo\EnumDemo.csproj", "{85B516A2-F164-490C-8B5A-AC08D8601A13}"
EndProject
Project("{FAE04EC0-301F-11D3-BF4B-00C04F79EFBC}") = "MethodDemo", "MethodDemo\MethodDemo.csproj", "{071CFB7B-FCEB-4784-9CA4-CE5902A73707}"
EndProject
Project("{FAE04EC0-301F-11D3-BF4B-00C04F79EFBC}") = "returnDemo", "returnDemo\returnDemo.csproj", "{EE864DCE-9BC0-4E84-AEAD-C8AAED548261}"
EndProject
Project("{FAE04EC0-301F-11D3-BF4B-00C04F79EFBC}") = "OutDemo", "OutDemo\OutDemo.csproj", "{4B0B5D2D-A001-4791-81A9-652E3D6CFAFE}"
EndProject
Project("{FAE04EC0-301F-11D3-BF4B-00C04F79EFBC}") = "RefDemo", "RefDemo\RefDemo.csproj", "{0B0F31E7-7068-42D7-9E17-5F151F5740B9}"
EndProject
Project("{FAE04EC0-301F-11D3-BF4B-00C04F79EFBC}") = "ParamsDemo", "ParamsDemo\ParamsDemo.csproj", "{20079AA2-203B-4242-9E10-6EBCAF502F8E}"
EndProject
Project("{FAE04EC0-301F-11D3-BF4B-00C04F79EFBC}") = "OverloadingDemo", "OverloadingDemo\OverloadingDemo.csproj", "{36BE78AA-B281-4873-9680-F55F898F96E2}"
EndProject
Project("{FAE04EC0-301F-11D3-BF4B-00C04F79EFBC}") = "PropertyDemo", "PropertyDemo\PropertyDemo.csproj", "{A81C5C49-64CB-4038-B0C6-7CE11391F8CB}"
EndProject
Project("{FAE04EC0-301F-11D3-BF4B-00C04F79EFBC}") = "StaticAndNonStatic", "StaticAndNonStatic\StaticAndNonStatic.csproj", "{94C72A25-F1A8-4C85-891C-A59AFE224887}"
EndProject
Project("{FAE04EC0-301F-11D3-BF4B-00C04F79EFBC}") = "ConstrorDemo", "ConstrorDemo\ConstrorDemo.csproj", "{72523ED6-5900-42CB-B979-D9C34C3BF763}"
EndProject
Project("{FAE04EC0-301F-11D3-BF4B-00C04F79EFBC}") = "StringDemo", "StringDemo\StringDemo.csproj", "{D7B14501-FC27-4F45-8F81-43E68B1C88A2}"
EndProject
Project("{FAE04EC0-301F-11D3-BF4B-00C04F79EFBC}") = "InheritanceDemo", "InheritanceDemo\InheritanceDemo.csproj", "{B3244FC0-28C4-41FE-BC75-58554EDFA9B5}"
EndProject
Project("{FAE04EC0-301F-11D3-BF4B-00C04F79EFBC}") = "IsAsDemo", "IsAsDemo\IsAsDemo.csproj", "{4C46E8B8-D7A5-44C4-9556-24E0CF8A6DE3}"
EndProject
Project("{FAE04EC0-301F-11D3-BF4B-00C04F79EFBC}") = "AccessModifierDemo", "AccessModifierDemo\AccessModifierDemo.csproj", "{7E40775B-C54C-4489-8376-0D4C49FCC3E5}"
EndProject
Project("{FAE04EC0-301F-11D3-BF4B-00C04F79EFBC}") = "ListDemo", "ListDemo\ListDemo.csproj", "{8BB3CC2D-C214-4D4C-BE7E-1D118A7D288D}"
EndProject
Project("{FAE04EC0-301F-11D3-BF4B-00C04F79EFBC}") = "HashTableDemo", "HashTableDemo\HashTableDemo.csproj", "{5975F557-7104-4849-947E-238B05CA7C7C}"
EndProject
Project("{FAE04EC0-301F-11D3-BF4B-00C04F79EFBC}") = "DictionaryDemo", "DictionaryDemo\DictionaryDemo.csproj", "{D9464D8A-9F61-4E06-9820-57B3B501D89D}"
EndProject
Project("{FAE04EC0-301F-11D3-BF4B-00C04F79EFBC}") = "OverrideDemo", "OverrideDemo\OverrideDemo.csproj", "{73D313B2-0849-4BD2-93EC-25DFDD17F1C3}"
EndProject
Project("{FAE04EC0-301F-11D3-BF4B-00C04F79EFBC}") = "AbstractDemo", "AbstractDemo\AbstractDemo.csproj", "{EB712B47-DE6B-404A-B10D-3F4D2CE4FAAF}"
EndProject
Project("{FAE04EC0-301F-11D3-BF4B-00C04F79EFBC}") = "RecordClassDemo", "RecordClassDemo\RecordClassDemo.csproj", "{2B07FA03-F154-44D4-9EA7-258650EF7927}"
EndProject
Project("{FAE04EC0-301F-11D3-BF4B-00C04F79EFBC}") = "DelegateDemo", "DelegateDemo\DelegateDemo.csproj", "{B5E97A66-54F9-4534-93E4-0C266D573419}"
EndProject
Project("{FAE04EC0-301F-11D3-BF4B-00C04F79EFBC}") = "FluentAssertionsDemo", "FluentAssertionsDemo\FluentAssertionsDemo.csproj", "{A961951E-4915-4EB0-B0BE-67DC2FA8E300}"
EndProject
Project("{FAE04EC0-301F-11D3-BF4B-00C04F79EFBC}") = "AccessModifierDemo2", "AccessModifierDemo2\AccessModifierDemo2.csproj", "{9745EDBB-5772-4FD6-954A-13CAAA33D66E}"
EndProject
Project("{FAE04EC0-301F-11D3-BF4B-00C04F79EFBC}") = "JsonConvertDateTimeDemo", "JsonConvertDateTimeDemo\JsonConvertDateTimeDemo.csproj", "{0F769565-518D-41CB-BA51-B8689A8E0CEE}"
EndProject
Project("{FAE04EC0-301F-11D3-BF4B-00C04F79EFBC}") = "InterfaceDemo", "InterfaceDemo\InterfaceDemo.csproj", "{D9A5917C-312E-458B-9232-FB077F925D57}"
EndProject
Project("{FAE04EC0-301F-11D3-BF4B-00C04F79EFBC}") = "NSubstituteDemo", "NSubstituteDemo\NSubstituteDemo.csproj", "{FD022EBC-6098-4A9C-A3F0-B19CC7A90FB8}"
EndProject
Project("{FAE04EC0-301F-11D3-BF4B-00C04F79EFBC}") = "FluentAPIDemo", "FluentAPIDemo\FluentAPIDemo.csproj", "{1224794D-C25F-4242-AC42-392311DFDD66}"
EndProject
Project("{FAE04EC0-301F-11D3-BF4B-00C04F79EFBC}") = "ExtensionMethodDemo", "ExtensionMethodDemo\ExtensionMethodDemo.csproj", "{3CA53536-0785-4E26-9682-AB9831989761}"
EndProject
Project("{FAE04EC0-301F-11D3-BF4B-00C04F79EFBC}") = "YieldDemo", "YieldDemo\YieldDemo.csproj", "{5E7EAD88-F4BC-475D-A36B-20DBAEF04721}"
EndProject
Project("{FAE04EC0-301F-11D3-BF4B-00C04F79EFBC}") = "LinqGroupByDemo", "LinqGroupByDemo\LinqGroupByDemo.csproj", "{A911B90A-63B5-40F3-BDFF-3DCCC356CAEB}"
EndProject
Project("{FAE04EC0-301F-11D3-BF4B-00C04F79EFBC}") = "LinqMockWhereDemo", "LinqMockWhereDemo\LinqMockWhereDemo.csproj", "{51331590-BD6E-421B-8462-E22BC05E59DD}"
EndProject
Project("{FAE04EC0-301F-11D3-BF4B-00C04F79EFBC}") = "ExecuteSqlCommandDemo", "ExecuteSqlCommandDemo\ExecuteSqlCommandDemo.csproj", "{51EB1185-4672-46B2-909B-FC02413ED047}"
EndProject
Project("{FAE04EC0-301F-11D3-BF4B-00C04F79EFBC}") = "CodeFirstDemo", "CodeFirstDemo\CodeFirstDemo.csproj", "{0C053BA0-50BB-4146-9A1E-31B8659E827B}"
EndProject
Project("{FAE04EC0-301F-11D3-BF4B-00C04F79EFBC}") = "EntityStateDemo", "EntityStateDemo\EntityStateDemo.csproj", "{91ECCC15-C108-483B-8373-97DCAB1313E2}"
EndProject
Project("{FAE04EC0-301F-11D3-BF4B-00C04F79EFBC}") = "CodeFirstDemoOneToOne", "CodeFirstDemoOneToOne\CodeFirstDemoOneToOne.csproj", "{A95B2FCA-9989-46B4-B3A1-3D4FDDACA5E3}"
EndProject
Global
	GlobalSection(SolutionConfigurationPlatforms) = preSolution
		Debug|Any CPU = Debug|Any CPU
		Release|Any CPU = Release|Any CPU
	EndGlobalSection
	GlobalSection(ProjectConfigurationPlatforms) = postSolution
		{51C87A18-A081-4A09-BCF1-4D2A54A8EDF2}.Debug|Any CPU.ActiveCfg = Debug|Any CPU
		{51C87A18-A081-4A09-BCF1-4D2A54A8EDF2}.Debug|Any CPU.Build.0 = Debug|Any CPU
		{51C87A18-A081-4A09-BCF1-4D2A54A8EDF2}.Release|Any CPU.ActiveCfg = Release|Any CPU
		{51C87A18-A081-4A09-BCF1-4D2A54A8EDF2}.Release|Any CPU.Build.0 = Release|Any CPU
		{FFD056BA-C902-496E-A452-AA37B784EE6D}.Debug|Any CPU.ActiveCfg = Debug|Any CPU
		{FFD056BA-C902-496E-A452-AA37B784EE6D}.Debug|Any CPU.Build.0 = Debug|Any CPU
		{FFD056BA-C902-496E-A452-AA37B784EE6D}.Release|Any CPU.ActiveCfg = Release|Any CPU
		{FFD056BA-C902-496E-A452-AA37B784EE6D}.Release|Any CPU.Build.0 = Release|Any CPU
		{6147074B-2E82-4D94-BB64-4CC7409A21C0}.Debug|Any CPU.ActiveCfg = Debug|Any CPU
		{6147074B-2E82-4D94-BB64-4CC7409A21C0}.Debug|Any CPU.Build.0 = Debug|Any CPU
		{6147074B-2E82-4D94-BB64-4CC7409A21C0}.Release|Any CPU.ActiveCfg = Release|Any CPU
		{6147074B-2E82-4D94-BB64-4CC7409A21C0}.Release|Any CPU.Build.0 = Release|Any CPU
		{4B68DF32-15CA-42F1-AC6F-ABBB35EEA182}.Debug|Any CPU.ActiveCfg = Debug|Any CPU
		{4B68DF32-15CA-42F1-AC6F-ABBB35EEA182}.Debug|Any CPU.Build.0 = Debug|Any CPU
		{4B68DF32-15CA-42F1-AC6F-ABBB35EEA182}.Release|Any CPU.ActiveCfg = Release|Any CPU
		{4B68DF32-15CA-42F1-AC6F-ABBB35EEA182}.Release|Any CPU.Build.0 = Release|Any CPU
		{85B516A2-F164-490C-8B5A-AC08D8601A13}.Debug|Any CPU.ActiveCfg = Debug|Any CPU
		{85B516A2-F164-490C-8B5A-AC08D8601A13}.Debug|Any CPU.Build.0 = Debug|Any CPU
		{85B516A2-F164-490C-8B5A-AC08D8601A13}.Release|Any CPU.ActiveCfg = Release|Any CPU
		{85B516A2-F164-490C-8B5A-AC08D8601A13}.Release|Any CPU.Build.0 = Release|Any CPU
		{071CFB7B-FCEB-4784-9CA4-CE5902A73707}.Debug|Any CPU.ActiveCfg = Debug|Any CPU
		{071CFB7B-FCEB-4784-9CA4-CE5902A73707}.Debug|Any CPU.Build.0 = Debug|Any CPU
		{071CFB7B-FCEB-4784-9CA4-CE5902A73707}.Release|Any CPU.ActiveCfg = Release|Any CPU
		{071CFB7B-FCEB-4784-9CA4-CE5902A73707}.Release|Any CPU.Build.0 = Release|Any CPU
		{EE864DCE-9BC0-4E84-AEAD-C8AAED548261}.Debug|Any CPU.ActiveCfg = Debug|Any CPU
		{EE864DCE-9BC0-4E84-AEAD-C8AAED548261}.Debug|Any CPU.Build.0 = Debug|Any CPU
		{EE864DCE-9BC0-4E84-AEAD-C8AAED548261}.Release|Any CPU.ActiveCfg = Release|Any CPU
		{EE864DCE-9BC0-4E84-AEAD-C8AAED548261}.Release|Any CPU.Build.0 = Release|Any CPU
		{4B0B5D2D-A001-4791-81A9-652E3D6CFAFE}.Debug|Any CPU.ActiveCfg = Debug|Any CPU
		{4B0B5D2D-A001-4791-81A9-652E3D6CFAFE}.Debug|Any CPU.Build.0 = Debug|Any CPU
		{4B0B5D2D-A001-4791-81A9-652E3D6CFAFE}.Release|Any CPU.ActiveCfg = Release|Any CPU
		{4B0B5D2D-A001-4791-81A9-652E3D6CFAFE}.Release|Any CPU.Build.0 = Release|Any CPU
		{0B0F31E7-7068-42D7-9E17-5F151F5740B9}.Debug|Any CPU.ActiveCfg = Debug|Any CPU
		{0B0F31E7-7068-42D7-9E17-5F151F5740B9}.Debug|Any CPU.Build.0 = Debug|Any CPU
		{0B0F31E7-7068-42D7-9E17-5F151F5740B9}.Release|Any CPU.ActiveCfg = Release|Any CPU
		{0B0F31E7-7068-42D7-9E17-5F151F5740B9}.Release|Any CPU.Build.0 = Release|Any CPU
		{20079AA2-203B-4242-9E10-6EBCAF502F8E}.Debug|Any CPU.ActiveCfg = Debug|Any CPU
		{20079AA2-203B-4242-9E10-6EBCAF502F8E}.Debug|Any CPU.Build.0 = Debug|Any CPU
		{20079AA2-203B-4242-9E10-6EBCAF502F8E}.Release|Any CPU.ActiveCfg = Release|Any CPU
		{20079AA2-203B-4242-9E10-6EBCAF502F8E}.Release|Any CPU.Build.0 = Release|Any CPU
		{36BE78AA-B281-4873-9680-F55F898F96E2}.Debug|Any CPU.ActiveCfg = Debug|Any CPU
		{36BE78AA-B281-4873-9680-F55F898F96E2}.Debug|Any CPU.Build.0 = Debug|Any CPU
		{36BE78AA-B281-4873-9680-F55F898F96E2}.Release|Any CPU.ActiveCfg = Release|Any CPU
		{36BE78AA-B281-4873-9680-F55F898F96E2}.Release|Any CPU.Build.0 = Release|Any CPU
		{A81C5C49-64CB-4038-B0C6-7CE11391F8CB}.Debug|Any CPU.ActiveCfg = Debug|Any CPU
		{A81C5C49-64CB-4038-B0C6-7CE11391F8CB}.Debug|Any CPU.Build.0 = Debug|Any CPU
		{A81C5C49-64CB-4038-B0C6-7CE11391F8CB}.Release|Any CPU.ActiveCfg = Release|Any CPU
		{A81C5C49-64CB-4038-B0C6-7CE11391F8CB}.Release|Any CPU.Build.0 = Release|Any CPU
		{94C72A25-F1A8-4C85-891C-A59AFE224887}.Debug|Any CPU.ActiveCfg = Debug|Any CPU
		{94C72A25-F1A8-4C85-891C-A59AFE224887}.Debug|Any CPU.Build.0 = Debug|Any CPU
		{94C72A25-F1A8-4C85-891C-A59AFE224887}.Release|Any CPU.ActiveCfg = Release|Any CPU
		{94C72A25-F1A8-4C85-891C-A59AFE224887}.Release|Any CPU.Build.0 = Release|Any CPU
		{72523ED6-5900-42CB-B979-D9C34C3BF763}.Debug|Any CPU.ActiveCfg = Debug|Any CPU
		{72523ED6-5900-42CB-B979-D9C34C3BF763}.Debug|Any CPU.Build.0 = Debug|Any CPU
		{72523ED6-5900-42CB-B979-D9C34C3BF763}.Release|Any CPU.ActiveCfg = Release|Any CPU
		{72523ED6-5900-42CB-B979-D9C34C3BF763}.Release|Any CPU.Build.0 = Release|Any CPU
		{D7B14501-FC27-4F45-8F81-43E68B1C88A2}.Debug|Any CPU.ActiveCfg = Debug|Any CPU
		{D7B14501-FC27-4F45-8F81-43E68B1C88A2}.Debug|Any CPU.Build.0 = Debug|Any CPU
		{D7B14501-FC27-4F45-8F81-43E68B1C88A2}.Release|Any CPU.ActiveCfg = Release|Any CPU
		{D7B14501-FC27-4F45-8F81-43E68B1C88A2}.Release|Any CPU.Build.0 = Release|Any CPU
		{B3244FC0-28C4-41FE-BC75-58554EDFA9B5}.Debug|Any CPU.ActiveCfg = Debug|Any CPU
		{B3244FC0-28C4-41FE-BC75-58554EDFA9B5}.Debug|Any CPU.Build.0 = Debug|Any CPU
		{B3244FC0-28C4-41FE-BC75-58554EDFA9B5}.Release|Any CPU.ActiveCfg = Release|Any CPU
		{B3244FC0-28C4-41FE-BC75-58554EDFA9B5}.Release|Any CPU.Build.0 = Release|Any CPU
		{4C46E8B8-D7A5-44C4-9556-24E0CF8A6DE3}.Debug|Any CPU.ActiveCfg = Debug|Any CPU
		{4C46E8B8-D7A5-44C4-9556-24E0CF8A6DE3}.Debug|Any CPU.Build.0 = Debug|Any CPU
		{4C46E8B8-D7A5-44C4-9556-24E0CF8A6DE3}.Release|Any CPU.ActiveCfg = Release|Any CPU
		{4C46E8B8-D7A5-44C4-9556-24E0CF8A6DE3}.Release|Any CPU.Build.0 = Release|Any CPU
		{7E40775B-C54C-4489-8376-0D4C49FCC3E5}.Debug|Any CPU.ActiveCfg = Debug|Any CPU
		{7E40775B-C54C-4489-8376-0D4C49FCC3E5}.Debug|Any CPU.Build.0 = Debug|Any CPU
		{7E40775B-C54C-4489-8376-0D4C49FCC3E5}.Release|Any CPU.ActiveCfg = Release|Any CPU
		{7E40775B-C54C-4489-8376-0D4C49FCC3E5}.Release|Any CPU.Build.0 = Release|Any CPU
		{8BB3CC2D-C214-4D4C-BE7E-1D118A7D288D}.Debug|Any CPU.ActiveCfg = Debug|Any CPU
		{8BB3CC2D-C214-4D4C-BE7E-1D118A7D288D}.Debug|Any CPU.Build.0 = Debug|Any CPU
		{8BB3CC2D-C214-4D4C-BE7E-1D118A7D288D}.Release|Any CPU.ActiveCfg = Release|Any CPU
		{8BB3CC2D-C214-4D4C-BE7E-1D118A7D288D}.Release|Any CPU.Build.0 = Release|Any CPU
		{5975F557-7104-4849-947E-238B05CA7C7C}.Debug|Any CPU.ActiveCfg = Debug|Any CPU
		{5975F557-7104-4849-947E-238B05CA7C7C}.Debug|Any CPU.Build.0 = Debug|Any CPU
		{5975F557-7104-4849-947E-238B05CA7C7C}.Release|Any CPU.ActiveCfg = Release|Any CPU
		{5975F557-7104-4849-947E-238B05CA7C7C}.Release|Any CPU.Build.0 = Release|Any CPU
		{D9464D8A-9F61-4E06-9820-57B3B501D89D}.Debug|Any CPU.ActiveCfg = Debug|Any CPU
		{D9464D8A-9F61-4E06-9820-57B3B501D89D}.Debug|Any CPU.Build.0 = Debug|Any CPU
		{D9464D8A-9F61-4E06-9820-57B3B501D89D}.Release|Any CPU.ActiveCfg = Release|Any CPU
		{D9464D8A-9F61-4E06-9820-57B3B501D89D}.Release|Any CPU.Build.0 = Release|Any CPU
		{73D313B2-0849-4BD2-93EC-25DFDD17F1C3}.Debug|Any CPU.ActiveCfg = Debug|Any CPU
		{73D313B2-0849-4BD2-93EC-25DFDD17F1C3}.Debug|Any CPU.Build.0 = Debug|Any CPU
		{73D313B2-0849-4BD2-93EC-25DFDD17F1C3}.Release|Any CPU.ActiveCfg = Release|Any CPU
		{73D313B2-0849-4BD2-93EC-25DFDD17F1C3}.Release|Any CPU.Build.0 = Release|Any CPU
		{EB712B47-DE6B-404A-B10D-3F4D2CE4FAAF}.Debug|Any CPU.ActiveCfg = Debug|Any CPU
		{EB712B47-DE6B-404A-B10D-3F4D2CE4FAAF}.Debug|Any CPU.Build.0 = Debug|Any CPU
		{EB712B47-DE6B-404A-B10D-3F4D2CE4FAAF}.Release|Any CPU.ActiveCfg = Release|Any CPU
		{EB712B47-DE6B-404A-B10D-3F4D2CE4FAAF}.Release|Any CPU.Build.0 = Release|Any CPU
		{2B07FA03-F154-44D4-9EA7-258650EF7927}.Debug|Any CPU.ActiveCfg = Debug|Any CPU
		{2B07FA03-F154-44D4-9EA7-258650EF7927}.Debug|Any CPU.Build.0 = Debug|Any CPU
		{2B07FA03-F154-44D4-9EA7-258650EF7927}.Release|Any CPU.ActiveCfg = Release|Any CPU
		{2B07FA03-F154-44D4-9EA7-258650EF7927}.Release|Any CPU.Build.0 = Release|Any CPU
		{B5E97A66-54F9-4534-93E4-0C266D573419}.Debug|Any CPU.ActiveCfg = Debug|Any CPU
		{B5E97A66-54F9-4534-93E4-0C266D573419}.Debug|Any CPU.Build.0 = Debug|Any CPU
		{B5E97A66-54F9-4534-93E4-0C266D573419}.Release|Any CPU.ActiveCfg = Release|Any CPU
		{B5E97A66-54F9-4534-93E4-0C266D573419}.Release|Any CPU.Build.0 = Release|Any CPU
		{A961951E-4915-4EB0-B0BE-67DC2FA8E300}.Debug|Any CPU.ActiveCfg = Debug|Any CPU
		{A961951E-4915-4EB0-B0BE-67DC2FA8E300}.Debug|Any CPU.Build.0 = Debug|Any CPU
		{A961951E-4915-4EB0-B0BE-67DC2FA8E300}.Release|Any CPU.ActiveCfg = Release|Any CPU
		{A961951E-4915-4EB0-B0BE-67DC2FA8E300}.Release|Any CPU.Build.0 = Release|Any CPU
		{9745EDBB-5772-4FD6-954A-13CAAA33D66E}.Debug|Any CPU.ActiveCfg = Debug|Any CPU
		{9745EDBB-5772-4FD6-954A-13CAAA33D66E}.Debug|Any CPU.Build.0 = Debug|Any CPU
		{9745EDBB-5772-4FD6-954A-13CAAA33D66E}.Release|Any CPU.ActiveCfg = Release|Any CPU
		{9745EDBB-5772-4FD6-954A-13CAAA33D66E}.Release|Any CPU.Build.0 = Release|Any CPU
		{0F769565-518D-41CB-BA51-B8689A8E0CEE}.Debug|Any CPU.ActiveCfg = Debug|Any CPU
		{0F769565-518D-41CB-BA51-B8689A8E0CEE}.Debug|Any CPU.Build.0 = Debug|Any CPU
		{0F769565-518D-41CB-BA51-B8689A8E0CEE}.Release|Any CPU.ActiveCfg = Release|Any CPU
		{0F769565-518D-41CB-BA51-B8689A8E0CEE}.Release|Any CPU.Build.0 = Release|Any CPU
		{D9A5917C-312E-458B-9232-FB077F925D57}.Debug|Any CPU.ActiveCfg = Debug|Any CPU
		{D9A5917C-312E-458B-9232-FB077F925D57}.Debug|Any CPU.Build.0 = Debug|Any CPU
		{D9A5917C-312E-458B-9232-FB077F925D57}.Release|Any CPU.ActiveCfg = Release|Any CPU
		{D9A5917C-312E-458B-9232-FB077F925D57}.Release|Any CPU.Build.0 = Release|Any CPU
		{FD022EBC-6098-4A9C-A3F0-B19CC7A90FB8}.Debug|Any CPU.ActiveCfg = Debug|Any CPU
		{FD022EBC-6098-4A9C-A3F0-B19CC7A90FB8}.Debug|Any CPU.Build.0 = Debug|Any CPU
		{FD022EBC-6098-4A9C-A3F0-B19CC7A90FB8}.Release|Any CPU.ActiveCfg = Release|Any CPU
		{FD022EBC-6098-4A9C-A3F0-B19CC7A90FB8}.Release|Any CPU.Build.0 = Release|Any CPU
		{1224794D-C25F-4242-AC42-392311DFDD66}.Debug|Any CPU.ActiveCfg = Debug|Any CPU
		{1224794D-C25F-4242-AC42-392311DFDD66}.Debug|Any CPU.Build.0 = Debug|Any CPU
		{1224794D-C25F-4242-AC42-392311DFDD66}.Release|Any CPU.ActiveCfg = Release|Any CPU
		{1224794D-C25F-4242-AC42-392311DFDD66}.Release|Any CPU.Build.0 = Release|Any CPU
		{3CA53536-0785-4E26-9682-AB9831989761}.Debug|Any CPU.ActiveCfg = Debug|Any CPU
		{3CA53536-0785-4E26-9682-AB9831989761}.Debug|Any CPU.Build.0 = Debug|Any CPU
		{3CA53536-0785-4E26-9682-AB9831989761}.Release|Any CPU.ActiveCfg = Release|Any CPU
		{3CA53536-0785-4E26-9682-AB9831989761}.Release|Any CPU.Build.0 = Release|Any CPU
		{5E7EAD88-F4BC-475D-A36B-20DBAEF04721}.Debug|Any CPU.ActiveCfg = Debug|Any CPU
		{5E7EAD88-F4BC-475D-A36B-20DBAEF04721}.Debug|Any CPU.Build.0 = Debug|Any CPU
		{5E7EAD88-F4BC-475D-A36B-20DBAEF04721}.Release|Any CPU.ActiveCfg = Release|Any CPU
		{5E7EAD88-F4BC-475D-A36B-20DBAEF04721}.Release|Any CPU.Build.0 = Release|Any CPU
		{A911B90A-63B5-40F3-BDFF-3DCCC356CAEB}.Debug|Any CPU.ActiveCfg = Debug|Any CPU
		{A911B90A-63B5-40F3-BDFF-3DCCC356CAEB}.Debug|Any CPU.Build.0 = Debug|Any CPU
		{A911B90A-63B5-40F3-BDFF-3DCCC356CAEB}.Release|Any CPU.ActiveCfg = Release|Any CPU
		{A911B90A-63B5-40F3-BDFF-3DCCC356CAEB}.Release|Any CPU.Build.0 = Release|Any CPU
		{51331590-BD6E-421B-8462-E22BC05E59DD}.Debug|Any CPU.ActiveCfg = Debug|Any CPU
		{51331590-BD6E-421B-8462-E22BC05E59DD}.Debug|Any CPU.Build.0 = Debug|Any CPU
		{51331590-BD6E-421B-8462-E22BC05E59DD}.Release|Any CPU.ActiveCfg = Release|Any CPU
		{51331590-BD6E-421B-8462-E22BC05E59DD}.Release|Any CPU.Build.0 = Release|Any CPU
		{51EB1185-4672-46B2-909B-FC02413ED047}.Debug|Any CPU.ActiveCfg = Debug|Any CPU
		{51EB1185-4672-46B2-909B-FC02413ED047}.Debug|Any CPU.Build.0 = Debug|Any CPU
		{51EB1185-4672-46B2-909B-FC02413ED047}.Release|Any CPU.ActiveCfg = Release|Any CPU
		{51EB1185-4672-46B2-909B-FC02413ED047}.Release|Any CPU.Build.0 = Release|Any CPU
		{0C053BA0-50BB-4146-9A1E-31B8659E827B}.Debug|Any CPU.ActiveCfg = Debug|Any CPU
		{0C053BA0-50BB-4146-9A1E-31B8659E827B}.Debug|Any CPU.Build.0 = Debug|Any CPU
		{0C053BA0-50BB-4146-9A1E-31B8659E827B}.Release|Any CPU.ActiveCfg = Release|Any CPU
		{0C053BA0-50BB-4146-9A1E-31B8659E827B}.Release|Any CPU.Build.0 = Release|Any CPU
		{91ECCC15-C108-483B-8373-97DCAB1313E2}.Debug|Any CPU.ActiveCfg = Debug|Any CPU
		{91ECCC15-C108-483B-8373-97DCAB1313E2}.Debug|Any CPU.Build.0 = Debug|Any CPU
		{91ECCC15-C108-483B-8373-97DCAB1313E2}.Release|Any CPU.ActiveCfg = Release|Any CPU
		{91ECCC15-C108-483B-8373-97DCAB1313E2}.Release|Any CPU.Build.0 = Release|Any CPU
		{A95B2FCA-9989-46B4-B3A1-3D4FDDACA5E3}.Debug|Any CPU.ActiveCfg = Debug|Any CPU
		{A95B2FCA-9989-46B4-B3A1-3D4FDDACA5E3}.Debug|Any CPU.Build.0 = Debug|Any CPU
		{A95B2FCA-9989-46B4-B3A1-3D4FDDACA5E3}.Release|Any CPU.ActiveCfg = Release|Any CPU
		{A95B2FCA-9989-46B4-B3A1-3D4FDDACA5E3}.Release|Any CPU.Build.0 = Release|Any CPU
	EndGlobalSection
EndGlobal
